
Microsoft Visual Studio Solution File, Format Version 12.00
# Visual Studio Version 17
VisualStudioVersion = 17.2.32526.322
MinimumVisualStudioVersion = 10.0.40219.1
Project("{FAE04EC0-301F-11D3-BF4B-00C04F79EFBC}") = "FilterAndSort", "FilterAndSort\FilterAndSort.csproj", "{E47BEFA9-EAB3-4D15-88D7-7604A9F2E4A0}"
EndProject
Global
	GlobalSection(SolutionConfigurationPlatforms) = preSolution
		Debug|Any CPU = Debug|Any CPU
		Release|Any CPU = Release|Any CPU
	EndGlobalSection
	GlobalSection(ProjectConfigurationPlatforms) = postSolution
		{E47BEFA9-EAB3-4D15-88D7-7604A9F2E4A0}.Debug|Any CPU.ActiveCfg = Debug|Any CPU
		{E47BEFA9-EAB3-4D15-88D7-7604A9F2E4A0}.Debug|Any CPU.Build.0 = Debug|Any CPU
		{E47BEFA9-EAB3-4D15-88D7-7604A9F2E4A0}.Release|Any CPU.ActiveCfg = Release|Any CPU
		{E47BEFA9-EAB3-4D15-88D7-7604A9F2E4A0}.Release|Any CPU.Build.0 = Release|Any CPU
	EndGlobalSection
	GlobalSection(SolutionProperties) = preSolution
		HideSolutionNode = FALSE
	EndGlobalSection
	GlobalSection(ExtensibilityGlobals) = postSolution
		SolutionGuid = {7A7D0E7F-ACD1-447B-BC1F-C9E56F463B4F}
	EndGlobalSection
EndGlobal
